
Microsoft Visual Studio Solution File, Format Version 12.00
# Visual Studio 15
VisualStudioVersion = 15.0.27130.2024
MinimumVisualStudioVersion = 15.0.26124.0
Project("{9A19103F-16F7-4668-BE54-9A1E7A4F7556}") = "PushoverClient", "PushoverClient\PushoverClient.csproj", "{F9FC877C-411D-4662-9294-F83A81CC3CDB}"
EndProject
Project("{9A19103F-16F7-4668-BE54-9A1E7A4F7556}") = "PushoverClient.Tests", "PushoverClient.Tests\PushoverClient.Tests.csproj", "{E599AB18-37F2-4CD4-AB12-BB4A6F40896F}"
EndProject
Project("{9A19103F-16F7-4668-BE54-9A1E7A4F7556}") = "SendPush", "SendPush\SendPush.csproj", "{4F768B89-77CC-4498-A346-A175DC8E96B8}"
EndProject
Global
	GlobalSection(SolutionConfigurationPlatforms) = preSolution
		Debug|Any CPU = Debug|Any CPU
		Debug|x64 = Debug|x64
		Debug|x86 = Debug|x86
		Release|Any CPU = Release|Any CPU
		Release|x64 = Release|x64
		Release|x86 = Release|x86
	EndGlobalSection
	GlobalSection(ProjectConfigurationPlatforms) = postSolution
		{F9FC877C-411D-4662-9294-F83A81CC3CDB}.Debug|Any CPU.ActiveCfg = Debug|Any CPU
		{F9FC877C-411D-4662-9294-F83A81CC3CDB}.Debug|Any CPU.Build.0 = Debug|Any CPU
		{F9FC877C-411D-4662-9294-F83A81CC3CDB}.Debug|x64.ActiveCfg = Debug|Any CPU
		{F9FC877C-411D-4662-9294-F83A81CC3CDB}.Debug|x64.Build.0 = Debug|Any CPU
		{F9FC877C-411D-4662-9294-F83A81CC3CDB}.Debug|x86.ActiveCfg = Debug|Any CPU
		{F9FC877C-411D-4662-9294-F83A81CC3CDB}.Debug|x86.Build.0 = Debug|Any CPU
		{F9FC877C-411D-4662-9294-F83A81CC3CDB}.Release|Any CPU.ActiveCfg = Release|Any CPU
		{F9FC877C-411D-4662-9294-F83A81CC3CDB}.Release|Any CPU.Build.0 = Release|Any CPU
		{F9FC877C-411D-4662-9294-F83A81CC3CDB}.Release|x64.ActiveCfg = Release|Any CPU
		{F9FC877C-411D-4662-9294-F83A81CC3CDB}.Release|x64.Build.0 = Release|Any CPU
		{F9FC877C-411D-4662-9294-F83A81CC3CDB}.Release|x86.ActiveCfg = Release|Any CPU
		{F9FC877C-411D-4662-9294-F83A81CC3CDB}.Release|x86.Build.0 = Release|Any CPU
		{E599AB18-37F2-4CD4-AB12-BB4A6F40896F}.Debug|Any CPU.ActiveCfg = Debug|Any CPU
		{E599AB18-37F2-4CD4-AB12-BB4A6F40896F}.Debug|Any CPU.Build.0 = Debug|Any CPU
		{E599AB18-37F2-4CD4-AB12-BB4A6F40896F}.Debug|x64.ActiveCfg = Debug|Any CPU
		{E599AB18-37F2-4CD4-AB12-BB4A6F40896F}.Debug|x64.Build.0 = Debug|Any CPU
		{E599AB18-37F2-4CD4-AB12-BB4A6F40896F}.Debug|x86.ActiveCfg = Debug|Any CPU
		{E599AB18-37F2-4CD4-AB12-BB4A6F40896F}.Debug|x86.Build.0 = Debug|Any CPU
		{E599AB18-37F2-4CD4-AB12-BB4A6F40896F}.Release|Any CPU.ActiveCfg = Release|Any CPU
		{E599AB18-37F2-4CD4-AB12-BB4A6F40896F}.Release|Any CPU.Build.0 = Release|Any CPU
		{E599AB18-37F2-4CD4-AB12-BB4A6F40896F}.Release|x64.ActiveCfg = Release|Any CPU
		{E599AB18-37F2-4CD4-AB12-BB4A6F40896F}.Release|x64.Build.0 = Release|Any CPU
		{E599AB18-37F2-4CD4-AB12-BB4A6F40896F}.Release|x86.ActiveCfg = Release|Any CPU
		{E599AB18-37F2-4CD4-AB12-BB4A6F40896F}.Release|x86.Build.0 = Release|Any CPU
		{4F768B89-77CC-4498-A346-A175DC8E96B8}.Debug|Any CPU.ActiveCfg = Debug|Any CPU
		{4F768B89-77CC-4498-A346-A175DC8E96B8}.Debug|Any CPU.Build.0 = Debug|Any CPU
		{4F768B89-77CC-4498-A346-A175DC8E96B8}.Debug|x64.ActiveCfg = Debug|Any CPU
		{4F768B89-77CC-4498-A346-A175DC8E96B8}.Debug|x64.Build.0 = Debug|Any CPU
		{4F768B89-77CC-4498-A346-A175DC8E96B8}.Debug|x86.ActiveCfg = Debug|Any CPU
		{4F768B89-77CC-4498-A346-A175DC8E96B8}.Debug|x86.Build.0 = Debug|Any CPU
		{4F768B89-77CC-4498-A346-A175DC8E96B8}.Release|Any CPU.ActiveCfg = Release|Any CPU
		{4F768B89-77CC-4498-A346-A175DC8E96B8}.Release|Any CPU.Build.0 = Release|Any CPU
		{4F768B89-77CC-4498-A346-A175DC8E96B8}.Release|x64.ActiveCfg = Release|Any CPU
		{4F768B89-77CC-4498-A346-A175DC8E96B8}.Release|x64.Build.0 = Release|Any CPU
		{4F768B89-77CC-4498-A346-A175DC8E96B8}.Release|x86.ActiveCfg = Release|Any CPU
		{4F768B89-77CC-4498-A346-A175DC8E96B8}.Release|x86.Build.0 = Release|Any CPU
	EndGlobalSection
	GlobalSection(SolutionProperties) = preSolution
		HideSolutionNode = FALSE
	EndGlobalSection
	GlobalSection(ExtensibilityGlobals) = postSolution
		SolutionGuid = {ED4EE46A-CCA9-4552-A4E2-9F2C6F4FD20F}
	EndGlobalSection
EndGlobal
