
Microsoft Visual Studio Solution File, Format Version 12.00
# Visual Studio Version 16
VisualStudioVersion = 16.0.30804.86
MinimumVisualStudioVersion = 10.0.40219.1
Project("{2150E333-8FDC-42A3-9474-1A3956D46DE8}") = ".nuget", ".nuget", "{A5A31361-3EC5-4504-97BD-FD86E6792D90}"
	ProjectSection(SolutionItems) = preProject
		.nuget\NuGet.Config = .nuget\NuGet.Config
		.nuget\NuGet.exe = .nuget\NuGet.exe
		.nuget\NuGet.targets = .nuget\NuGet.targets
	EndProjectSection
EndProject
Project("{FAE04EC0-301F-11D3-BF4B-00C04F79EFBC}") = "PushoverClient", "PushoverClient\PushoverClient.csproj", "{24D75C50-C440-46C6-8664-03874FDFB2C9}"
EndProject
Project("{FAE04EC0-301F-11D3-BF4B-00C04F79EFBC}") = "PushoverClient.Tests", "PushoverClient.Tests\PushoverClient.Tests.csproj", "{E316FFF5-0BC1-463B-8581-9784C1F61B6E}"
EndProject
Project("{FAE04EC0-301F-11D3-BF4B-00C04F79EFBC}") = "SendPush", "SendPush\SendPush.csproj", "{D43F90E4-5CEB-42AF-A1C5-689261082DA4}"
EndProject
Global
	GlobalSection(SolutionConfigurationPlatforms) = preSolution
		Debug|Any CPU = Debug|Any CPU
		Release|Any CPU = Release|Any CPU
	EndGlobalSection
	GlobalSection(ProjectConfigurationPlatforms) = postSolution
		{24D75C50-C440-46C6-8664-03874FDFB2C9}.Debug|Any CPU.ActiveCfg = Debug|Any CPU
		{24D75C50-C440-46C6-8664-03874FDFB2C9}.Debug|Any CPU.Build.0 = Debug|Any CPU
		{24D75C50-C440-46C6-8664-03874FDFB2C9}.Release|Any CPU.ActiveCfg = Release|Any CPU
		{24D75C50-C440-46C6-8664-03874FDFB2C9}.Release|Any CPU.Build.0 = Release|Any CPU
		{E316FFF5-0BC1-463B-8581-9784C1F61B6E}.Debug|Any CPU.ActiveCfg = Debug|Any CPU
		{E316FFF5-0BC1-463B-8581-9784C1F61B6E}.Debug|Any CPU.Build.0 = Debug|Any CPU
		{E316FFF5-0BC1-463B-8581-9784C1F61B6E}.Release|Any CPU.ActiveCfg = Release|Any CPU
		{E316FFF5-0BC1-463B-8581-9784C1F61B6E}.Release|Any CPU.Build.0 = Release|Any CPU
		{D43F90E4-5CEB-42AF-A1C5-689261082DA4}.Debug|Any CPU.ActiveCfg = Debug|Any CPU
		{D43F90E4-5CEB-42AF-A1C5-689261082DA4}.Debug|Any CPU.Build.0 = Debug|Any CPU
		{D43F90E4-5CEB-42AF-A1C5-689261082DA4}.Release|Any CPU.ActiveCfg = Release|Any CPU
		{D43F90E4-5CEB-42AF-A1C5-689261082DA4}.Release|Any CPU.Build.0 = Release|Any CPU
	EndGlobalSection
	GlobalSection(SolutionProperties) = preSolution
		HideSolutionNode = FALSE
	EndGlobalSection
	GlobalSection(ExtensibilityGlobals) = postSolution
		SolutionGuid = {AC9C8E3D-9014-49B0-93AD-D4D5DAD948A5}
	EndGlobalSection
EndGlobal
